
Microsoft Visual Studio Solution File, Format Version 12.00
# Visual Studio Version 17
VisualStudioVersion = 17.10.35201.131
MinimumVisualStudioVersion = 10.0.40219.1
Project("{9A19103F-16F7-4668-BE54-9A1E7A4F7556}") = "EcommerceBackend", "EcommerceBackend\EcommerceBackend.csproj", "{B543F145-943A-414D-828D-5A74822FE941}"
EndProject
Project("{9A19103F-16F7-4668-BE54-9A1E7A4F7556}") = "DataSource", "DataSource\DataSource.csproj", "{1A807CFE-286C-4314-BDA6-8FBBD428CF44}"
EndProject
Project("{9A19103F-16F7-4668-BE54-9A1E7A4F7556}") = "Domain", "Domain\Domain.csproj", "{2A2A3D7A-5608-4AE9-A1D4-E88043FE129E}"
EndProject
Project("{9A19103F-16F7-4668-BE54-9A1E7A4F7556}") = "Application", "Application\Application.csproj", "{8F9F1F30-A06B-4F63-8BBD-94A7B89CDDE5}"
EndProject
Project("{9A19103F-16F7-4668-BE54-9A1E7A4F7556}") = "Infrastructure", "Infrastructure\Infrastructure.csproj", "{30098C74-FCEB-467F-99F0-ADE0577A0F5C}"
EndProject
Project("{2150E333-8FDC-42A3-9474-1A3956D46DE8}") = "Tests", "Tests", "{EB4283A6-5D37-4A54-889C-2E8798F7CEC1}"
EndProject
Project("{9A19103F-16F7-4668-BE54-9A1E7A4F7556}") = "Application.Tests", "Application.Tests\Application.Tests.csproj", "{303979FC-634F-4039-BE6B-4BAC1C018F6A}"
EndProject
Project("{FAE04EC0-301F-11D3-BF4B-00C04F79EFBC}") = "Domain.Tests", "Domain.Tests\Domain.Tests.csproj", "{1F8A3C40-A96F-4FD4-BED9-187C109CE27D}"
EndProject
Project("{FAE04EC0-301F-11D3-BF4B-00C04F79EFBC}") = "EcommerceBackend.Tests", "EcommerceBackend.Tests\EcommerceBackend.Tests.csproj", "{7E75A29C-7166-44E4-8304-317AE8294B56}"
EndProject
Project("{FAE04EC0-301F-11D3-BF4B-00C04F79EFBC}") = "Common", "Common\Common.csproj", "{FF87168F-4945-471E-B540-C879AD3F4B26}"
EndProject
Global
	GlobalSection(SolutionConfigurationPlatforms) = preSolution
		Debug|Any CPU = Debug|Any CPU
		Release|Any CPU = Release|Any CPU
	EndGlobalSection
	GlobalSection(ProjectConfigurationPlatforms) = postSolution
		{B543F145-943A-414D-828D-5A74822FE941}.Debug|Any CPU.ActiveCfg = Debug|Any CPU
		{B543F145-943A-414D-828D-5A74822FE941}.Debug|Any CPU.Build.0 = Debug|Any CPU
		{B543F145-943A-414D-828D-5A74822FE941}.Release|Any CPU.ActiveCfg = Release|Any CPU
		{B543F145-943A-414D-828D-5A74822FE941}.Release|Any CPU.Build.0 = Release|Any CPU
		{1A807CFE-286C-4314-BDA6-8FBBD428CF44}.Debug|Any CPU.ActiveCfg = Debug|Any CPU
		{1A807CFE-286C-4314-BDA6-8FBBD428CF44}.Debug|Any CPU.Build.0 = Debug|Any CPU
		{1A807CFE-286C-4314-BDA6-8FBBD428CF44}.Release|Any CPU.ActiveCfg = Release|Any CPU
		{1A807CFE-286C-4314-BDA6-8FBBD428CF44}.Release|Any CPU.Build.0 = Release|Any CPU
		{2A2A3D7A-5608-4AE9-A1D4-E88043FE129E}.Debug|Any CPU.ActiveCfg = Debug|Any CPU
		{2A2A3D7A-5608-4AE9-A1D4-E88043FE129E}.Debug|Any CPU.Build.0 = Debug|Any CPU
		{2A2A3D7A-5608-4AE9-A1D4-E88043FE129E}.Release|Any CPU.ActiveCfg = Release|Any CPU
		{2A2A3D7A-5608-4AE9-A1D4-E88043FE129E}.Release|Any CPU.Build.0 = Release|Any CPU
		{8F9F1F30-A06B-4F63-8BBD-94A7B89CDDE5}.Debug|Any CPU.ActiveCfg = Debug|Any CPU
		{8F9F1F30-A06B-4F63-8BBD-94A7B89CDDE5}.Debug|Any CPU.Build.0 = Debug|Any CPU
		{8F9F1F30-A06B-4F63-8BBD-94A7B89CDDE5}.Release|Any CPU.ActiveCfg = Release|Any CPU
		{8F9F1F30-A06B-4F63-8BBD-94A7B89CDDE5}.Release|Any CPU.Build.0 = Release|Any CPU
		{30098C74-FCEB-467F-99F0-ADE0577A0F5C}.Debug|Any CPU.ActiveCfg = Debug|Any CPU
		{30098C74-FCEB-467F-99F0-ADE0577A0F5C}.Debug|Any CPU.Build.0 = Debug|Any CPU
		{30098C74-FCEB-467F-99F0-ADE0577A0F5C}.Release|Any CPU.ActiveCfg = Release|Any CPU
		{30098C74-FCEB-467F-99F0-ADE0577A0F5C}.Release|Any CPU.Build.0 = Release|Any CPU
		{303979FC-634F-4039-BE6B-4BAC1C018F6A}.Debug|Any CPU.ActiveCfg = Debug|Any CPU
		{303979FC-634F-4039-BE6B-4BAC1C018F6A}.Debug|Any CPU.Build.0 = Debug|Any CPU
		{303979FC-634F-4039-BE6B-4BAC1C018F6A}.Release|Any CPU.ActiveCfg = Release|Any CPU
		{303979FC-634F-4039-BE6B-4BAC1C018F6A}.Release|Any CPU.Build.0 = Release|Any CPU
		{1F8A3C40-A96F-4FD4-BED9-187C109CE27D}.Debug|Any CPU.ActiveCfg = Debug|Any CPU
		{1F8A3C40-A96F-4FD4-BED9-187C109CE27D}.Debug|Any CPU.Build.0 = Debug|Any CPU
		{1F8A3C40-A96F-4FD4-BED9-187C109CE27D}.Release|Any CPU.ActiveCfg = Release|Any CPU
		{1F8A3C40-A96F-4FD4-BED9-187C109CE27D}.Release|Any CPU.Build.0 = Release|Any CPU
		{7E75A29C-7166-44E4-8304-317AE8294B56}.Debug|Any CPU.ActiveCfg = Debug|Any CPU
		{7E75A29C-7166-44E4-8304-317AE8294B56}.Debug|Any CPU.Build.0 = Debug|Any CPU
		{7E75A29C-7166-44E4-8304-317AE8294B56}.Release|Any CPU.ActiveCfg = Release|Any CPU
		{7E75A29C-7166-44E4-8304-317AE8294B56}.Release|Any CPU.Build.0 = Release|Any CPU
		{FF87168F-4945-471E-B540-C879AD3F4B26}.Debug|Any CPU.ActiveCfg = Debug|Any CPU
		{FF87168F-4945-471E-B540-C879AD3F4B26}.Debug|Any CPU.Build.0 = Debug|Any CPU
		{FF87168F-4945-471E-B540-C879AD3F4B26}.Release|Any CPU.ActiveCfg = Release|Any CPU
		{FF87168F-4945-471E-B540-C879AD3F4B26}.Release|Any CPU.Build.0 = Release|Any CPU
	EndGlobalSection
	GlobalSection(SolutionProperties) = preSolution
		HideSolutionNode = FALSE
	EndGlobalSection
	GlobalSection(NestedProjects) = preSolution
		{303979FC-634F-4039-BE6B-4BAC1C018F6A} = {EB4283A6-5D37-4A54-889C-2E8798F7CEC1}
		{1F8A3C40-A96F-4FD4-BED9-187C109CE27D} = {EB4283A6-5D37-4A54-889C-2E8798F7CEC1}
		{7E75A29C-7166-44E4-8304-317AE8294B56} = {EB4283A6-5D37-4A54-889C-2E8798F7CEC1}
	EndGlobalSection
	GlobalSection(ExtensibilityGlobals) = postSolution
		SolutionGuid = {6094CE06-6CAE-4045-9380-5931287A81F0}
	EndGlobalSection
EndGlobal
